
Microsoft Visual Studio Solution File, Format Version 12.00
# Visual Studio Version 16
VisualStudioVersion = 16.0.28803.352
MinimumVisualStudioVersion = 10.0.40219.1
Project("{9A19103F-16F7-4668-BE54-9A1E7A4F7556}") = "PostBridge.Infrastructure", "PostBridge.Infrastructure\PostBridge.Infrastructure.csproj", "{4CA9500F-A0ED-446E-9CAB-DB7B83C15D7E}"
EndProject
Project("{9A19103F-16F7-4668-BE54-9A1E7A4F7556}") = "PostBridge.Domain", "PostBridge.Domain\PostBridge.Domain.csproj", "{47CDD5D8-D2A1-4509-B141-E2C24667DCFC}"
EndProject
Project("{9A19103F-16F7-4668-BE54-9A1E7A4F7556}") = "PostBridge.Publisher", "PostBridge.Publisher\PostBridge.Publisher.csproj", "{62654A9B-5BFC-4F52-A740-C14984FCF785}"
EndProject
Project("{9A19103F-16F7-4668-BE54-9A1E7A4F7556}") = "PostBridge.Reader", "PostBridge.Reader\PostBridge.Reader.csproj", "{B6124D0E-7CED-4476-B09D-871C3402CB3E}"
EndProject
Project("{9A19103F-16F7-4668-BE54-9A1E7A4F7556}") = "Postbridge.MessageBroker", "Postbridge.MessageBroker\Postbridge.MessageBroker.csproj", "{0B04279E-8FCB-429D-BC22-81B4A0F00D8B}"
EndProject
Global
	GlobalSection(SolutionConfigurationPlatforms) = preSolution
		Debug|Any CPU = Debug|Any CPU
		Release|Any CPU = Release|Any CPU
	EndGlobalSection
	GlobalSection(ProjectConfigurationPlatforms) = postSolution
		{4CA9500F-A0ED-446E-9CAB-DB7B83C15D7E}.Debug|Any CPU.ActiveCfg = Debug|Any CPU
		{4CA9500F-A0ED-446E-9CAB-DB7B83C15D7E}.Debug|Any CPU.Build.0 = Debug|Any CPU
		{4CA9500F-A0ED-446E-9CAB-DB7B83C15D7E}.Release|Any CPU.ActiveCfg = Release|Any CPU
		{4CA9500F-A0ED-446E-9CAB-DB7B83C15D7E}.Release|Any CPU.Build.0 = Release|Any CPU
		{47CDD5D8-D2A1-4509-B141-E2C24667DCFC}.Debug|Any CPU.ActiveCfg = Debug|Any CPU
		{47CDD5D8-D2A1-4509-B141-E2C24667DCFC}.Debug|Any CPU.Build.0 = Debug|Any CPU
		{47CDD5D8-D2A1-4509-B141-E2C24667DCFC}.Release|Any CPU.ActiveCfg = Release|Any CPU
		{47CDD5D8-D2A1-4509-B141-E2C24667DCFC}.Release|Any CPU.Build.0 = Release|Any CPU
		{62654A9B-5BFC-4F52-A740-C14984FCF785}.Debug|Any CPU.ActiveCfg = Debug|Any CPU
		{62654A9B-5BFC-4F52-A740-C14984FCF785}.Debug|Any CPU.Build.0 = Debug|Any CPU
		{62654A9B-5BFC-4F52-A740-C14984FCF785}.Release|Any CPU.ActiveCfg = Release|Any CPU
		{62654A9B-5BFC-4F52-A740-C14984FCF785}.Release|Any CPU.Build.0 = Release|Any CPU
		{B6124D0E-7CED-4476-B09D-871C3402CB3E}.Debug|Any CPU.ActiveCfg = Debug|Any CPU
		{B6124D0E-7CED-4476-B09D-871C3402CB3E}.Debug|Any CPU.Build.0 = Debug|Any CPU
		{B6124D0E-7CED-4476-B09D-871C3402CB3E}.Release|Any CPU.ActiveCfg = Release|Any CPU
		{B6124D0E-7CED-4476-B09D-871C3402CB3E}.Release|Any CPU.Build.0 = Release|Any CPU
		{0B04279E-8FCB-429D-BC22-81B4A0F00D8B}.Debug|Any CPU.ActiveCfg = Debug|Any CPU
		{0B04279E-8FCB-429D-BC22-81B4A0F00D8B}.Debug|Any CPU.Build.0 = Debug|Any CPU
		{0B04279E-8FCB-429D-BC22-81B4A0F00D8B}.Release|Any CPU.ActiveCfg = Release|Any CPU
		{0B04279E-8FCB-429D-BC22-81B4A0F00D8B}.Release|Any CPU.Build.0 = Release|Any CPU
	EndGlobalSection
	GlobalSection(SolutionProperties) = preSolution
		HideSolutionNode = FALSE
	EndGlobalSection
	GlobalSection(ExtensibilityGlobals) = postSolution
		SolutionGuid = {936726DB-756C-41BE-B450-E858A065890F}
	EndGlobalSection
EndGlobal
